// !$*UTF8*$!
{
	archiveVersion = 1;
	classes = {
	};
	objectVersion = 46;
	objects = {

/* Begin PBXBuildFile section */
		E120E5C61CB2114E00DBE93B /* FocusViewController.m in Sources */ = {isa = PBXBuildFile; fileRef = E120E5C51CB2114E00DBE93B /* FocusViewController.m */; };
		E125A88C1CB4E0DD00B346D9 /* FocusTagView.m in Sources */ = {isa = PBXBuildFile; fileRef = E125A88B1CB4E0DD00B346D9 /* FocusTagView.m */; };
		E1333E1A1CC72D990075193C /* AnimeSeriesView.m in Sources */ = {isa = PBXBuildFile; fileRef = E1333E191CC72D990075193C /* AnimeSeriesView.m */; };
		E1333E1E1CC72F340075193C /* AnimeSeriesCell.m in Sources */ = {isa = PBXBuildFile; fileRef = E1333E1C1CC72F340075193C /* AnimeSeriesCell.m */; };
		E1333E1F1CC72F340075193C /* AnimeSeriesCell.xib in Resources */ = {isa = PBXBuildFile; fileRef = E1333E1D1CC72F340075193C /* AnimeSeriesCell.xib */; };
		E1333E221CC77DD40075193C /* AnimeInfo.m in Sources */ = {isa = PBXBuildFile; fileRef = E1333E211CC77DD40075193C /* AnimeInfo.m */; };
		E1466C8E1CB3AE970061F506 /* RoundTagButton.m in Sources */ = {isa = PBXBuildFile; fileRef = E1466C8D1CB3AE970061F506 /* RoundTagButton.m */; };
		E178DD0E1CABA3B300E47B6E /* NSString+Category.m in Sources */ = {isa = PBXBuildFile; fileRef = E178DD0B1CABA3B300E47B6E /* NSString+Category.m */; };
		E178DD0F1CABA3B300E47B6E /* UIColor+Category.m in Sources */ = {isa = PBXBuildFile; fileRef = E178DD0D1CABA3B300E47B6E /* UIColor+Category.m */; };
		E17AD3521C98F94F00BA773F /* BilibiliDemoTests.m in Sources */ = {isa = PBXBuildFile; fileRef = E17AD3511C98F94F00BA773F /* BilibiliDemoTests.m */; };
		E195D9841CC5D2C1001D1EBD /* DynamicView.m in Sources */ = {isa = PBXBuildFile; fileRef = E195D9831CC5D2C1001D1EBD /* DynamicView.m */; };
		E195D98B1CC5DA7B001D1EBD /* DynamicCell.m in Sources */ = {isa = PBXBuildFile; fileRef = E195D9891CC5DA7B001D1EBD /* DynamicCell.m */; };
		E195D98C1CC5DA7B001D1EBD /* DynamicCell.xib in Resources */ = {isa = PBXBuildFile; fileRef = E195D98A1CC5DA7B001D1EBD /* DynamicCell.xib */; };
		E195D9BA1CC61CF2001D1EBD /* VideoInfo.m in Sources */ = {isa = PBXBuildFile; fileRef = E195D9B91CC61CF2001D1EBD /* VideoInfo.m */; };
		E1A2E5B61CACF9F000FF4695 /* CYTabBarController.m in Sources */ = {isa = PBXBuildFile; fileRef = E1A2E5B51CACF9F000FF4695 /* CYTabBarController.m */; };
		E1B52FF11CAA7BEB004DB37B /* AppDelegate.m in Sources */ = {isa = PBXBuildFile; fileRef = E1B52FE61CAA7BEB004DB37B /* AppDelegate.m */; };
		E1B52FF21CAA7BEB004DB37B /* LaunchScreen.storyboard in Resources */ = {isa = PBXBuildFile; fileRef = E1B52FE71CAA7BEB004DB37B /* LaunchScreen.storyboard */; };
		E1B52FF31CAA7BEB004DB37B /* Main.storyboard in Resources */ = {isa = PBXBuildFile; fileRef = E1B52FE91CAA7BEB004DB37B /* Main.storyboard */; };
		E1B52FF41CAA7BEB004DB37B /* main.m in Sources */ = {isa = PBXBuildFile; fileRef = E1B52FEB1CAA7BEB004DB37B /* main.m */; };
		E1B52FF51CAA7BEB004DB37B /* Assets.xcassets in Resources */ = {isa = PBXBuildFile; fileRef = E1B52FED1CAA7BEB004DB37B /* Assets.xcassets */; };
		E1B52FF61CAA7BEB004DB37B /* Info.plist in Resources */ = {isa = PBXBuildFile; fileRef = E1B52FEF1CAA7BEB004DB37B /* Info.plist */; };
		E1B530151CAA7D16004DB37B /* MASCompositeConstraint.m in Sources */ = {isa = PBXBuildFile; fileRef = E1B52FFD1CAA7D16004DB37B /* MASCompositeConstraint.m */; };
		E1B530161CAA7D16004DB37B /* MASConstraint.m in Sources */ = {isa = PBXBuildFile; fileRef = E1B530001CAA7D16004DB37B /* MASConstraint.m */; };
		E1B530171CAA7D16004DB37B /* MASConstraintMaker.m in Sources */ = {isa = PBXBuildFile; fileRef = E1B530021CAA7D16004DB37B /* MASConstraintMaker.m */; };
		E1B530181CAA7D16004DB37B /* MASLayoutConstraint.m in Sources */ = {isa = PBXBuildFile; fileRef = E1B530041CAA7D16004DB37B /* MASLayoutConstraint.m */; };
		E1B530191CAA7D16004DB37B /* MASViewAttribute.m in Sources */ = {isa = PBXBuildFile; fileRef = E1B530081CAA7D16004DB37B /* MASViewAttribute.m */; };
		E1B5301A1CAA7D16004DB37B /* MASViewConstraint.m in Sources */ = {isa = PBXBuildFile; fileRef = E1B5300A1CAA7D16004DB37B /* MASViewConstraint.m */; };
		E1B5301B1CAA7D16004DB37B /* NSArray+MASAdditions.m in Sources */ = {isa = PBXBuildFile; fileRef = E1B5300C1CAA7D16004DB37B /* NSArray+MASAdditions.m */; };
		E1B5301C1CAA7D16004DB37B /* NSLayoutConstraint+MASDebugAdditions.m in Sources */ = {isa = PBXBuildFile; fileRef = E1B5300F1CAA7D16004DB37B /* NSLayoutConstraint+MASDebugAdditions.m */; };
		E1B5301D1CAA7D16004DB37B /* View+MASAdditions.m in Sources */ = {isa = PBXBuildFile; fileRef = E1B530111CAA7D16004DB37B /* View+MASAdditions.m */; };
		E1B5301E1CAA7D16004DB37B /* ViewController+MASAdditions.m in Sources */ = {isa = PBXBuildFile; fileRef = E1B530141CAA7D16004DB37B /* ViewController+MASAdditions.m */; };
		E1B530221CAA7DA7004DB37B /* BaseViewController.m in Sources */ = {isa = PBXBuildFile; fileRef = E1B530211CAA7DA7004DB37B /* BaseViewController.m */; };
		E1B5302D1CAA837A004DB37B /* MBProgressHUD.m in Sources */ = {isa = PBXBuildFile; fileRef = E1B5302C1CAA837A004DB37B /* MBProgressHUD.m */; };
		E1C121431CC6269700CBF20A /* LICENSE in Resources */ = {isa = PBXBuildFile; fileRef = E1C121231CC6269700CBF20A /* LICENSE */; };
		E1C121441CC6269700CBF20A /* README.md in Sources */ = {isa = PBXBuildFile; fileRef = E1C121241CC6269700CBF20A /* README.md */; };
		E1C121451CC6269700CBF20A /* NSData+ImageContentType.m in Sources */ = {isa = PBXBuildFile; fileRef = E1C121271CC6269700CBF20A /* NSData+ImageContentType.m */; };
		E1C121461CC6269700CBF20A /* SDImageCache.m in Sources */ = {isa = PBXBuildFile; fileRef = E1C121291CC6269700CBF20A /* SDImageCache.m */; };
		E1C121471CC6269700CBF20A /* SDWebImageCompat.m in Sources */ = {isa = PBXBuildFile; fileRef = E1C1212B1CC6269700CBF20A /* SDWebImageCompat.m */; };
		E1C121481CC6269700CBF20A /* SDWebImageDecoder.m in Sources */ = {isa = PBXBuildFile; fileRef = E1C1212D1CC6269700CBF20A /* SDWebImageDecoder.m */; };
		E1C121491CC6269700CBF20A /* SDWebImageDownloader.m in Sources */ = {isa = PBXBuildFile; fileRef = E1C1212F1CC6269700CBF20A /* SDWebImageDownloader.m */; };
		E1C1214A1CC6269700CBF20A /* SDWebImageDownloaderOperation.m in Sources */ = {isa = PBXBuildFile; fileRef = E1C121311CC6269700CBF20A /* SDWebImageDownloaderOperation.m */; };
		E1C1214B1CC6269700CBF20A /* SDWebImageManager.m in Sources */ = {isa = PBXBuildFile; fileRef = E1C121331CC6269700CBF20A /* SDWebImageManager.m */; };
		E1C1214C1CC6269700CBF20A /* SDWebImagePrefetcher.m in Sources */ = {isa = PBXBuildFile; fileRef = E1C121361CC6269700CBF20A /* SDWebImagePrefetcher.m */; };
		E1C1214D1CC6269700CBF20A /* UIButton+WebCache.m in Sources */ = {isa = PBXBuildFile; fileRef = E1C121381CC6269700CBF20A /* UIButton+WebCache.m */; };
		E1C1214E1CC6269700CBF20A /* UIImage+GIF.m in Sources */ = {isa = PBXBuildFile; fileRef = E1C1213A1CC6269700CBF20A /* UIImage+GIF.m */; };
		E1C1214F1CC6269700CBF20A /* UIImage+MultiFormat.m in Sources */ = {isa = PBXBuildFile; fileRef = E1C1213C1CC6269700CBF20A /* UIImage+MultiFormat.m */; };
		E1C121501CC6269700CBF20A /* UIImageView+HighlightedWebCache.m in Sources */ = {isa = PBXBuildFile; fileRef = E1C1213E1CC6269700CBF20A /* UIImageView+HighlightedWebCache.m */; };
		E1C121511CC6269700CBF20A /* UIImageView+WebCache.m in Sources */ = {isa = PBXBuildFile; fileRef = E1C121401CC6269700CBF20A /* UIImageView+WebCache.m */; };
		E1C121521CC6269700CBF20A /* UIView+WebCacheOperation.m in Sources */ = {isa = PBXBuildFile; fileRef = E1C121421CC6269700CBF20A /* UIView+WebCacheOperation.m */; };
		E1C96F541CC877C700F5DE81 /* UIView+MaskCorner.m in Sources */ = {isa = PBXBuildFile; fileRef = E1C96F531CC877C700F5DE81 /* UIView+MaskCorner.m */; };
		E1C96F571CC8BBFE00F5DE81 /* UIImage+MaskCorner.m in Sources */ = {isa = PBXBuildFile; fileRef = E1C96F561CC8BBFE00F5DE81 /* UIImage+MaskCorner.m */; };
		E1C96F5A1CC8C7B400F5DE81 /* UIImageView+MaskCorner.m in Sources */ = {isa = PBXBuildFile; fileRef = E1C96F591CC8C7B400F5DE81 /* UIImageView+MaskCorner.m */; };
		E1CF2F951CB0E904002F3A9E /* DetailViewController.m in Sources */ = {isa = PBXBuildFile; fileRef = E1CF2F941CB0E904002F3A9E /* DetailViewController.m */; };
		E1CF2F991CB111E8002F3A9E /* CYSegmentBar.m in Sources */ = {isa = PBXBuildFile; fileRef = E1CF2F981CB111E8002F3A9E /* CYSegmentBar.m */; };
		E1EDB7C91CACD0FF00D29111 /* bilibili_splash_default@2x.png in Resources */ = {isa = PBXBuildFile; fileRef = E1EDB7C11CACD0FF00D29111 /* bilibili_splash_default@2x.png */; };
		E1EDB7CA1CACD0FF00D29111 /* bilibili_splash_default@3x.png in Resources */ = {isa = PBXBuildFile; fileRef = E1EDB7C21CACD0FF00D29111 /* bilibili_splash_default@3x.png */; };
		E1EDB7CB1CACD0FF00D29111 /* bilibili_splash_ipad_bg.png in Resources */ = {isa = PBXBuildFile; fileRef = E1EDB7C31CACD0FF00D29111 /* bilibili_splash_ipad_bg.png */; };
		E1EDB7CC1CACD0FF00D29111 /* bilibili_splash_ipad_bg@2x.png in Resources */ = {isa = PBXBuildFile; fileRef = E1EDB7C41CACD0FF00D29111 /* bilibili_splash_ipad_bg@2x.png */; };
		E1EDB7CD1CACD0FF00D29111 /* bilibili_splash_ipad_bg@3x.png in Resources */ = {isa = PBXBuildFile; fileRef = E1EDB7C51CACD0FF00D29111 /* bilibili_splash_ipad_bg@3x.png */; };
		E1EDB7CE1CACD0FF00D29111 /* bilibili_splash_iphone_bg.png in Resources */ = {isa = PBXBuildFile; fileRef = E1EDB7C61CACD0FF00D29111 /* bilibili_splash_iphone_bg.png */; };
		E1EDB7CF1CACD0FF00D29111 /* bilibili_splash_iphone_bg@2x.png in Resources */ = {isa = PBXBuildFile; fileRef = E1EDB7C71CACD0FF00D29111 /* bilibili_splash_iphone_bg@2x.png */; };
		E1EDB7D01CACD0FF00D29111 /* bilibili_splash_iphone_bg@3x.png in Resources */ = {isa = PBXBuildFile; fileRef = E1EDB7C81CACD0FF00D29111 /* bilibili_splash_iphone_bg@3x.png */; };
		E1F42F791CAE70F7004960AC /* CYTabBar.m in Sources */ = {isa = PBXBuildFile; fileRef = E1F42F781CAE70F7004960AC /* CYTabBar.m */; };
/* End PBXBuildFile section */

/* Begin PBXContainerItemProxy section */
		E17AD34E1C98F94F00BA773F /* PBXContainerItemProxy */ = {
			isa = PBXContainerItemProxy;
			containerPortal = E17AD32C1C98F94F00BA773F /* Project object */;
			proxyType = 1;
			remoteGlobalIDString = E17AD3331C98F94F00BA773F;
			remoteInfo = BilibiliDemo;
		};
/* End PBXContainerItemProxy section */

/* Begin PBXFileReference section */
		E120E5C41CB2114E00DBE93B /* FocusViewController.h */ = {isa = PBXFileReference; fileEncoding = 4; lastKnownFileType = sourcecode.c.h; path = FocusViewController.h; sourceTree = "<group>"; };
		E120E5C51CB2114E00DBE93B /* FocusViewController.m */ = {isa = PBXFileReference; fileEncoding = 4; lastKnownFileType = sourcecode.c.objc; path = FocusViewController.m; sourceTree = "<group>"; };
		E125A88A1CB4E0DD00B346D9 /* FocusTagView.h */ = {isa = PBXFileReference; fileEncoding = 4; lastKnownFileType = sourcecode.c.h; path = FocusTagView.h; sourceTree = "<group>"; };
		E125A88B1CB4E0DD00B346D9 /* FocusTagView.m */ = {isa = PBXFileReference; fileEncoding = 4; lastKnownFileType = sourcecode.c.objc; path = FocusTagView.m; sourceTree = "<group>"; };
		E1333E181CC72D990075193C /* AnimeSeriesView.h */ = {isa = PBXFileReference; fileEncoding = 4; lastKnownFileType = sourcecode.c.h; path = AnimeSeriesView.h; sourceTree = "<group>"; };
		E1333E191CC72D990075193C /* AnimeSeriesView.m */ = {isa = PBXFileReference; fileEncoding = 4; lastKnownFileType = sourcecode.c.objc; path = AnimeSeriesView.m; sourceTree = "<group>"; };
		E1333E1B1CC72F340075193C /* AnimeSeriesCell.h */ = {isa = PBXFileReference; fileEncoding = 4; lastKnownFileType = sourcecode.c.h; path = AnimeSeriesCell.h; sourceTree = "<group>"; };
		E1333E1C1CC72F340075193C /* AnimeSeriesCell.m */ = {isa = PBXFileReference; fileEncoding = 4; lastKnownFileType = sourcecode.c.objc; path = AnimeSeriesCell.m; sourceTree = "<group>"; };
		E1333E1D1CC72F340075193C /* AnimeSeriesCell.xib */ = {isa = PBXFileReference; fileEncoding = 4; lastKnownFileType = file.xib; path = AnimeSeriesCell.xib; sourceTree = "<group>"; };
		E1333E201CC77DD40075193C /* AnimeInfo.h */ = {isa = PBXFileReference; fileEncoding = 4; lastKnownFileType = sourcecode.c.h; path = AnimeInfo.h; sourceTree = "<group>"; };
		E1333E211CC77DD40075193C /* AnimeInfo.m */ = {isa = PBXFileReference; fileEncoding = 4; lastKnownFileType = sourcecode.c.objc; path = AnimeInfo.m; sourceTree = "<group>"; };
		E1466C8C1CB3AE970061F506 /* RoundTagButton.h */ = {isa = PBXFileReference; fileEncoding = 4; lastKnownFileType = sourcecode.c.h; path = RoundTagButton.h; sourceTree = "<group>"; };
		E1466C8D1CB3AE970061F506 /* RoundTagButton.m */ = {isa = PBXFileReference; fileEncoding = 4; lastKnownFileType = sourcecode.c.objc; path = RoundTagButton.m; sourceTree = "<group>"; };
		E178DD071CAB773900E47B6E /* MainMacro.h */ = {isa = PBXFileReference; lastKnownFileType = sourcecode.c.h; path = MainMacro.h; sourceTree = "<group>"; };
		E178DD081CAB77E700E47B6E /* PrefixHeader.pch */ = {isa = PBXFileReference; lastKnownFileType = sourcecode.c.h; path = PrefixHeader.pch; sourceTree = "<group>"; };
		E178DD0A1CABA3B300E47B6E /* NSString+Category.h */ = {isa = PBXFileReference; fileEncoding = 4; lastKnownFileType = sourcecode.c.h; path = "NSString+Category.h"; sourceTree = "<group>"; };
		E178DD0B1CABA3B300E47B6E /* NSString+Category.m */ = {isa = PBXFileReference; fileEncoding = 4; lastKnownFileType = sourcecode.c.objc; path = "NSString+Category.m"; sourceTree = "<group>"; };
		E178DD0C1CABA3B300E47B6E /* UIColor+Category.h */ = {isa = PBXFileReference; fileEncoding = 4; lastKnownFileType = sourcecode.c.h; path = "UIColor+Category.h"; sourceTree = "<group>"; };
		E178DD0D1CABA3B300E47B6E /* UIColor+Category.m */ = {isa = PBXFileReference; fileEncoding = 4; lastKnownFileType = sourcecode.c.objc; path = "UIColor+Category.m"; sourceTree = "<group>"; };
		E17AD3341C98F94F00BA773F /* BilibiliDemo.app */ = {isa = PBXFileReference; explicitFileType = wrapper.application; includeInIndex = 0; path = BilibiliDemo.app; sourceTree = BUILT_PRODUCTS_DIR; };
		E17AD34D1C98F94F00BA773F /* BilibiliDemoTests.xctest */ = {isa = PBXFileReference; explicitFileType = wrapper.cfbundle; includeInIndex = 0; path = BilibiliDemoTests.xctest; sourceTree = BUILT_PRODUCTS_DIR; };
		E17AD3511C98F94F00BA773F /* BilibiliDemoTests.m */ = {isa = PBXFileReference; lastKnownFileType = sourcecode.c.objc; path = BilibiliDemoTests.m; sourceTree = "<group>"; };
		E17AD3531C98F94F00BA773F /* Info.plist */ = {isa = PBXFileReference; lastKnownFileType = text.plist.xml; path = Info.plist; sourceTree = "<group>"; };
		E195D9821CC5D2C1001D1EBD /* DynamicView.h */ = {isa = PBXFileReference; fileEncoding = 4; lastKnownFileType = sourcecode.c.h; path = DynamicView.h; sourceTree = "<group>"; };
		E195D9831CC5D2C1001D1EBD /* DynamicView.m */ = {isa = PBXFileReference; fileEncoding = 4; lastKnownFileType = sourcecode.c.objc; path = DynamicView.m; sourceTree = "<group>"; };
		E195D9881CC5DA7B001D1EBD /* DynamicCell.h */ = {isa = PBXFileReference; fileEncoding = 4; lastKnownFileType = sourcecode.c.h; path = DynamicCell.h; sourceTree = "<group>"; };
		E195D9891CC5DA7B001D1EBD /* DynamicCell.m */ = {isa = PBXFileReference; fileEncoding = 4; lastKnownFileType = sourcecode.c.objc; path = DynamicCell.m; sourceTree = "<group>"; };
		E195D98A1CC5DA7B001D1EBD /* DynamicCell.xib */ = {isa = PBXFileReference; fileEncoding = 4; lastKnownFileType = file.xib; path = DynamicCell.xib; sourceTree = "<group>"; };
		E195D9B81CC61CF2001D1EBD /* VideoInfo.h */ = {isa = PBXFileReference; fileEncoding = 4; lastKnownFileType = sourcecode.c.h; path = VideoInfo.h; sourceTree = "<group>"; };
		E195D9B91CC61CF2001D1EBD /* VideoInfo.m */ = {isa = PBXFileReference; fileEncoding = 4; lastKnownFileType = sourcecode.c.objc; path = VideoInfo.m; sourceTree = "<group>"; };
		E1A2E5B41CACF9F000FF4695 /* CYTabBarController.h */ = {isa = PBXFileReference; fileEncoding = 4; lastKnownFileType = sourcecode.c.h; path = CYTabBarController.h; sourceTree = "<group>"; };
		E1A2E5B51CACF9F000FF4695 /* CYTabBarController.m */ = {isa = PBXFileReference; fileEncoding = 4; lastKnownFileType = sourcecode.c.objc; path = CYTabBarController.m; sourceTree = "<group>"; };
		E1B52FE51CAA7BEB004DB37B /* AppDelegate.h */ = {isa = PBXFileReference; fileEncoding = 4; lastKnownFileType = sourcecode.c.h; path = AppDelegate.h; sourceTree = "<group>"; };
		E1B52FE61CAA7BEB004DB37B /* AppDelegate.m */ = {isa = PBXFileReference; fileEncoding = 4; lastKnownFileType = sourcecode.c.objc; path = AppDelegate.m; sourceTree = "<group>"; };
		E1B52FE81CAA7BEB004DB37B /* Base */ = {isa = PBXFileReference; lastKnownFileType = file.storyboard; name = Base; path = Base.lproj/LaunchScreen.storyboard; sourceTree = "<group>"; };
		E1B52FEA1CAA7BEB004DB37B /* Base */ = {isa = PBXFileReference; lastKnownFileType = file.storyboard; name = Base; path = Base.lproj/Main.storyboard; sourceTree = "<group>"; };
		E1B52FEB1CAA7BEB004DB37B /* main.m */ = {isa = PBXFileReference; fileEncoding = 4; lastKnownFileType = sourcecode.c.objc; path = main.m; sourceTree = "<group>"; };
		E1B52FED1CAA7BEB004DB37B /* Assets.xcassets */ = {isa = PBXFileReference; lastKnownFileType = folder.assetcatalog; path = Assets.xcassets; sourceTree = "<group>"; };
		E1B52FEF1CAA7BEB004DB37B /* Info.plist */ = {isa = PBXFileReference; fileEncoding = 4; lastKnownFileType = text.plist.xml; path = Info.plist; sourceTree = "<group>"; };
		E1B52FFC1CAA7D16004DB37B /* MASCompositeConstraint.h */ = {isa = PBXFileReference; fileEncoding = 4; lastKnownFileType = sourcecode.c.h; path = MASCompositeConstraint.h; sourceTree = "<group>"; };
		E1B52FFD1CAA7D16004DB37B /* MASCompositeConstraint.m */ = {isa = PBXFileReference; fileEncoding = 4; lastKnownFileType = sourcecode.c.objc; path = MASCompositeConstraint.m; sourceTree = "<group>"; };
		E1B52FFE1CAA7D16004DB37B /* MASConstraint+Private.h */ = {isa = PBXFileReference; fileEncoding = 4; lastKnownFileType = sourcecode.c.h; path = "MASConstraint+Private.h"; sourceTree = "<group>"; };
		E1B52FFF1CAA7D16004DB37B /* MASConstraint.h */ = {isa = PBXFileReference; fileEncoding = 4; lastKnownFileType = sourcecode.c.h; path = MASConstraint.h; sourceTree = "<group>"; };
		E1B530001CAA7D16004DB37B /* MASConstraint.m */ = {isa = PBXFileReference; fileEncoding = 4; lastKnownFileType = sourcecode.c.objc; path = MASConstraint.m; sourceTree = "<group>"; };
		E1B530011CAA7D16004DB37B /* MASConstraintMaker.h */ = {isa = PBXFileReference; fileEncoding = 4; lastKnownFileType = sourcecode.c.h; path = MASConstraintMaker.h; sourceTree = "<group>"; };
		E1B530021CAA7D16004DB37B /* MASConstraintMaker.m */ = {isa = PBXFileReference; fileEncoding = 4; lastKnownFileType = sourcecode.c.objc; path = MASConstraintMaker.m; sourceTree = "<group>"; };
		E1B530031CAA7D16004DB37B /* MASLayoutConstraint.h */ = {isa = PBXFileReference; fileEncoding = 4; lastKnownFileType = sourcecode.c.h; path = MASLayoutConstraint.h; sourceTree = "<group>"; };
		E1B530041CAA7D16004DB37B /* MASLayoutConstraint.m */ = {isa = PBXFileReference; fileEncoding = 4; lastKnownFileType = sourcecode.c.objc; path = MASLayoutConstraint.m; sourceTree = "<group>"; };
		E1B530051CAA7D16004DB37B /* Masonry.h */ = {isa = PBXFileReference; fileEncoding = 4; lastKnownFileType = sourcecode.c.h; path = Masonry.h; sourceTree = "<group>"; };
		E1B530061CAA7D16004DB37B /* MASUtilities.h */ = {isa = PBXFileReference; fileEncoding = 4; lastKnownFileType = sourcecode.c.h; path = MASUtilities.h; sourceTree = "<group>"; };
		E1B530071CAA7D16004DB37B /* MASViewAttribute.h */ = {isa = PBXFileReference; fileEncoding = 4; lastKnownFileType = sourcecode.c.h; path = MASViewAttribute.h; sourceTree = "<group>"; };
		E1B530081CAA7D16004DB37B /* MASViewAttribute.m */ = {isa = PBXFileReference; fileEncoding = 4; lastKnownFileType = sourcecode.c.objc; path = MASViewAttribute.m; sourceTree = "<group>"; };
		E1B530091CAA7D16004DB37B /* MASViewConstraint.h */ = {isa = PBXFileReference; fileEncoding = 4; lastKnownFileType = sourcecode.c.h; path = MASViewConstraint.h; sourceTree = "<group>"; };
		E1B5300A1CAA7D16004DB37B /* MASViewConstraint.m */ = {isa = PBXFileReference; fileEncoding = 4; lastKnownFileType = sourcecode.c.objc; path = MASViewConstraint.m; sourceTree = "<group>"; };
		E1B5300B1CAA7D16004DB37B /* NSArray+MASAdditions.h */ = {isa = PBXFileReference; fileEncoding = 4; lastKnownFileType = sourcecode.c.h; path = "NSArray+MASAdditions.h"; sourceTree = "<group>"; };
		E1B5300C1CAA7D16004DB37B /* NSArray+MASAdditions.m */ = {isa = PBXFileReference; fileEncoding = 4; lastKnownFileType = sourcecode.c.objc; path = "NSArray+MASAdditions.m"; sourceTree = "<group>"; };
		E1B5300D1CAA7D16004DB37B /* NSArray+MASShorthandAdditions.h */ = {isa = PBXFileReference; fileEncoding = 4; lastKnownFileType = sourcecode.c.h; path = "NSArray+MASShorthandAdditions.h"; sourceTree = "<group>"; };
		E1B5300E1CAA7D16004DB37B /* NSLayoutConstraint+MASDebugAdditions.h */ = {isa = PBXFileReference; fileEncoding = 4; lastKnownFileType = sourcecode.c.h; path = "NSLayoutConstraint+MASDebugAdditions.h"; sourceTree = "<group>"; };
		E1B5300F1CAA7D16004DB37B /* NSLayoutConstraint+MASDebugAdditions.m */ = {isa = PBXFileReference; fileEncoding = 4; lastKnownFileType = sourcecode.c.objc; path = "NSLayoutConstraint+MASDebugAdditions.m"; sourceTree = "<group>"; };
		E1B530101CAA7D16004DB37B /* View+MASAdditions.h */ = {isa = PBXFileReference; fileEncoding = 4; lastKnownFileType = sourcecode.c.h; path = "View+MASAdditions.h"; sourceTree = "<group>"; };
		E1B530111CAA7D16004DB37B /* View+MASAdditions.m */ = {isa = PBXFileReference; fileEncoding = 4; lastKnownFileType = sourcecode.c.objc; path = "View+MASAdditions.m"; sourceTree = "<group>"; };
		E1B530121CAA7D16004DB37B /* View+MASShorthandAdditions.h */ = {isa = PBXFileReference; fileEncoding = 4; lastKnownFileType = sourcecode.c.h; path = "View+MASShorthandAdditions.h"; sourceTree = "<group>"; };
		E1B530131CAA7D16004DB37B /* ViewController+MASAdditions.h */ = {isa = PBXFileReference; fileEncoding = 4; lastKnownFileType = sourcecode.c.h; path = "ViewController+MASAdditions.h"; sourceTree = "<group>"; };
		E1B530141CAA7D16004DB37B /* ViewController+MASAdditions.m */ = {isa = PBXFileReference; fileEncoding = 4; lastKnownFileType = sourcecode.c.objc; path = "ViewController+MASAdditions.m"; sourceTree = "<group>"; };
		E1B530201CAA7DA7004DB37B /* BaseViewController.h */ = {isa = PBXFileReference; fileEncoding = 4; lastKnownFileType = sourcecode.c.h; path = BaseViewController.h; sourceTree = "<group>"; };
		E1B530211CAA7DA7004DB37B /* BaseViewController.m */ = {isa = PBXFileReference; fileEncoding = 4; lastKnownFileType = sourcecode.c.objc; path = BaseViewController.m; sourceTree = "<group>"; };
		E1B5302B1CAA837A004DB37B /* MBProgressHUD.h */ = {isa = PBXFileReference; fileEncoding = 4; lastKnownFileType = sourcecode.c.h; path = MBProgressHUD.h; sourceTree = "<group>"; };
		E1B5302C1CAA837A004DB37B /* MBProgressHUD.m */ = {isa = PBXFileReference; fileEncoding = 4; lastKnownFileType = sourcecode.c.objc; path = MBProgressHUD.m; sourceTree = "<group>"; };
		E1C121231CC6269700CBF20A /* LICENSE */ = {isa = PBXFileReference; fileEncoding = 4; lastKnownFileType = text; path = LICENSE; sourceTree = "<group>"; };
		E1C121241CC6269700CBF20A /* README.md */ = {isa = PBXFileReference; fileEncoding = 4; lastKnownFileType = net.daringfireball.markdown; path = README.md; sourceTree = "<group>"; };
		E1C121261CC6269700CBF20A /* NSData+ImageContentType.h */ = {isa = PBXFileReference; fileEncoding = 4; lastKnownFileType = sourcecode.c.h; path = "NSData+ImageContentType.h"; sourceTree = "<group>"; };
		E1C121271CC6269700CBF20A /* NSData+ImageContentType.m */ = {isa = PBXFileReference; fileEncoding = 4; lastKnownFileType = sourcecode.c.objc; path = "NSData+ImageContentType.m"; sourceTree = "<group>"; };
		E1C121281CC6269700CBF20A /* SDImageCache.h */ = {isa = PBXFileReference; fileEncoding = 4; lastKnownFileType = sourcecode.c.h; path = SDImageCache.h; sourceTree = "<group>"; };
		E1C121291CC6269700CBF20A /* SDImageCache.m */ = {isa = PBXFileReference; fileEncoding = 4; lastKnownFileType = sourcecode.c.objc; path = SDImageCache.m; sourceTree = "<group>"; };
		E1C1212A1CC6269700CBF20A /* SDWebImageCompat.h */ = {isa = PBXFileReference; fileEncoding = 4; lastKnownFileType = sourcecode.c.h; path = SDWebImageCompat.h; sourceTree = "<group>"; };
		E1C1212B1CC6269700CBF20A /* SDWebImageCompat.m */ = {isa = PBXFileReference; fileEncoding = 4; lastKnownFileType = sourcecode.c.objc; path = SDWebImageCompat.m; sourceTree = "<group>"; };
		E1C1212C1CC6269700CBF20A /* SDWebImageDecoder.h */ = {isa = PBXFileReference; fileEncoding = 4; lastKnownFileType = sourcecode.c.h; path = SDWebImageDecoder.h; sourceTree = "<group>"; };
		E1C1212D1CC6269700CBF20A /* SDWebImageDecoder.m */ = {isa = PBXFileReference; fileEncoding = 4; lastKnownFileType = sourcecode.c.objc; path = SDWebImageDecoder.m; sourceTree = "<group>"; };
		E1C1212E1CC6269700CBF20A /* SDWebImageDownloader.h */ = {isa = PBXFileReference; fileEncoding = 4; lastKnownFileType = sourcecode.c.h; path = SDWebImageDownloader.h; sourceTree = "<group>"; };
		E1C1212F1CC6269700CBF20A /* SDWebImageDownloader.m */ = {isa = PBXFileReference; fileEncoding = 4; lastKnownFileType = sourcecode.c.objc; path = SDWebImageDownloader.m; sourceTree = "<group>"; };
		E1C121301CC6269700CBF20A /* SDWebImageDownloaderOperation.h */ = {isa = PBXFileReference; fileEncoding = 4; lastKnownFileType = sourcecode.c.h; path = SDWebImageDownloaderOperation.h; sourceTree = "<group>"; };
		E1C121311CC6269700CBF20A /* SDWebImageDownloaderOperation.m */ = {isa = PBXFileReference; fileEncoding = 4; lastKnownFileType = sourcecode.c.objc; path = SDWebImageDownloaderOperation.m; sourceTree = "<group>"; };
		E1C121321CC6269700CBF20A /* SDWebImageManager.h */ = {isa = PBXFileReference; fileEncoding = 4; lastKnownFileType = sourcecode.c.h; path = SDWebImageManager.h; sourceTree = "<group>"; };
		E1C121331CC6269700CBF20A /* SDWebImageManager.m */ = {isa = PBXFileReference; fileEncoding = 4; lastKnownFileType = sourcecode.c.objc; path = SDWebImageManager.m; sourceTree = "<group>"; };
		E1C121341CC6269700CBF20A /* SDWebImageOperation.h */ = {isa = PBXFileReference; fileEncoding = 4; lastKnownFileType = sourcecode.c.h; path = SDWebImageOperation.h; sourceTree = "<group>"; };
		E1C121351CC6269700CBF20A /* SDWebImagePrefetcher.h */ = {isa = PBXFileReference; fileEncoding = 4; lastKnownFileType = sourcecode.c.h; path = SDWebImagePrefetcher.h; sourceTree = "<group>"; };
		E1C121361CC6269700CBF20A /* SDWebImagePrefetcher.m */ = {isa = PBXFileReference; fileEncoding = 4; lastKnownFileType = sourcecode.c.objc; path = SDWebImagePrefetcher.m; sourceTree = "<group>"; };
		E1C121371CC6269700CBF20A /* UIButton+WebCache.h */ = {isa = PBXFileReference; fileEncoding = 4; lastKnownFileType = sourcecode.c.h; path = "UIButton+WebCache.h"; sourceTree = "<group>"; };
		E1C121381CC6269700CBF20A /* UIButton+WebCache.m */ = {isa = PBXFileReference; fileEncoding = 4; lastKnownFileType = sourcecode.c.objc; path = "UIButton+WebCache.m"; sourceTree = "<group>"; };
		E1C121391CC6269700CBF20A /* UIImage+GIF.h */ = {isa = PBXFileReference; fileEncoding = 4; lastKnownFileType = sourcecode.c.h; path = "UIImage+GIF.h"; sourceTree = "<group>"; };
		E1C1213A1CC6269700CBF20A /* UIImage+GIF.m */ = {isa = PBXFileReference; fileEncoding = 4; lastKnownFileType = sourcecode.c.objc; path = "UIImage+GIF.m"; sourceTree = "<group>"; };
		E1C1213B1CC6269700CBF20A /* UIImage+MultiFormat.h */ = {isa = PBXFileReference; fileEncoding = 4; lastKnownFileType = sourcecode.c.h; path = "UIImage+MultiFormat.h"; sourceTree = "<group>"; };
		E1C1213C1CC6269700CBF20A /* UIImage+MultiFormat.m */ = {isa = PBXFileReference; fileEncoding = 4; lastKnownFileType = sourcecode.c.objc; path = "UIImage+MultiFormat.m"; sourceTree = "<group>"; };
		E1C1213D1CC6269700CBF20A /* UIImageView+HighlightedWebCache.h */ = {isa = PBXFileReference; fileEncoding = 4; lastKnownFileType = sourcecode.c.h; path = "UIImageView+HighlightedWebCache.h"; sourceTree = "<group>"; };
		E1C1213E1CC6269700CBF20A /* UIImageView+HighlightedWebCache.m */ = {isa = PBXFileReference; fileEncoding = 4; lastKnownFileType = sourcecode.c.objc; path = "UIImageView+HighlightedWebCache.m"; sourceTree = "<group>"; };
		E1C1213F1CC6269700CBF20A /* UIImageView+WebCache.h */ = {isa = PBXFileReference; fileEncoding = 4; lastKnownFileType = sourcecode.c.h; path = "UIImageView+WebCache.h"; sourceTree = "<group>"; };
		E1C121401CC6269700CBF20A /* UIImageView+WebCache.m */ = {isa = PBXFileReference; fileEncoding = 4; lastKnownFileType = sourcecode.c.objc; path = "UIImageView+WebCache.m"; sourceTree = "<group>"; };
		E1C121411CC6269700CBF20A /* UIView+WebCacheOperation.h */ = {isa = PBXFileReference; fileEncoding = 4; lastKnownFileType = sourcecode.c.h; path = "UIView+WebCacheOperation.h"; sourceTree = "<group>"; };
		E1C121421CC6269700CBF20A /* UIView+WebCacheOperation.m */ = {isa = PBXFileReference; fileEncoding = 4; lastKnownFileType = sourcecode.c.objc; path = "UIView+WebCacheOperation.m"; sourceTree = "<group>"; };
		E1C96F521CC877C700F5DE81 /* UIView+MaskCorner.h */ = {isa = PBXFileReference; fileEncoding = 4; lastKnownFileType = sourcecode.c.h; path = "UIView+MaskCorner.h"; sourceTree = "<group>"; };
		E1C96F531CC877C700F5DE81 /* UIView+MaskCorner.m */ = {isa = PBXFileReference; fileEncoding = 4; lastKnownFileType = sourcecode.c.objc; path = "UIView+MaskCorner.m"; sourceTree = "<group>"; };
		E1C96F551CC8BBFE00F5DE81 /* UIImage+MaskCorner.h */ = {isa = PBXFileReference; fileEncoding = 4; lastKnownFileType = sourcecode.c.h; path = "UIImage+MaskCorner.h"; sourceTree = "<group>"; };
		E1C96F561CC8BBFE00F5DE81 /* UIImage+MaskCorner.m */ = {isa = PBXFileReference; fileEncoding = 4; lastKnownFileType = sourcecode.c.objc; path = "UIImage+MaskCorner.m"; sourceTree = "<group>"; };
		E1C96F581CC8C7B400F5DE81 /* UIImageView+MaskCorner.h */ = {isa = PBXFileReference; fileEncoding = 4; lastKnownFileType = sourcecode.c.h; path = "UIImageView+MaskCorner.h"; sourceTree = "<group>"; };
		E1C96F591CC8C7B400F5DE81 /* UIImageView+MaskCorner.m */ = {isa = PBXFileReference; fileEncoding = 4; lastKnownFileType = sourcecode.c.objc; path = "UIImageView+MaskCorner.m"; sourceTree = "<group>"; };
		E1CF2F931CB0E904002F3A9E /* DetailViewController.h */ = {isa = PBXFileReference; fileEncoding = 4; lastKnownFileType = sourcecode.c.h; path = DetailViewController.h; sourceTree = "<group>"; };
		E1CF2F941CB0E904002F3A9E /* DetailViewController.m */ = {isa = PBXFileReference; fileEncoding = 4; lastKnownFileType = sourcecode.c.objc; path = DetailViewController.m; sourceTree = "<group>"; };
		E1CF2F971CB111E8002F3A9E /* CYSegmentBar.h */ = {isa = PBXFileReference; fileEncoding = 4; lastKnownFileType = sourcecode.c.h; path = CYSegmentBar.h; sourceTree = "<group>"; };
		E1CF2F981CB111E8002F3A9E /* CYSegmentBar.m */ = {isa = PBXFileReference; fileEncoding = 4; lastKnownFileType = sourcecode.c.objc; path = CYSegmentBar.m; sourceTree = "<group>"; };
		E1EDB7C11CACD0FF00D29111 /* bilibili_splash_default@2x.png */ = {isa = PBXFileReference; lastKnownFileType = image.png; path = "bilibili_splash_default@2x.png"; sourceTree = "<group>"; };
		E1EDB7C21CACD0FF00D29111 /* bilibili_splash_default@3x.png */ = {isa = PBXFileReference; lastKnownFileType = image.png; path = "bilibili_splash_default@3x.png"; sourceTree = "<group>"; };
		E1EDB7C31CACD0FF00D29111 /* bilibili_splash_ipad_bg.png */ = {isa = PBXFileReference; lastKnownFileType = image.png; path = bilibili_splash_ipad_bg.png; sourceTree = "<group>"; };
		E1EDB7C41CACD0FF00D29111 /* bilibili_splash_ipad_bg@2x.png */ = {isa = PBXFileReference; lastKnownFileType = image.png; path = "bilibili_splash_ipad_bg@2x.png"; sourceTree = "<group>"; };
		E1EDB7C51CACD0FF00D29111 /* bilibili_splash_ipad_bg@3x.png */ = {isa = PBXFileReference; lastKnownFileType = image.png; path = "bilibili_splash_ipad_bg@3x.png"; sourceTree = "<group>"; };
		E1EDB7C61CACD0FF00D29111 /* bilibili_splash_iphone_bg.png */ = {isa = PBXFileReference; lastKnownFileType = image.png; path = bilibili_splash_iphone_bg.png; sourceTree = "<group>"; };
		E1EDB7C71CACD0FF00D29111 /* bilibili_splash_iphone_bg@2x.png */ = {isa = PBXFileReference; lastKnownFileType = image.png; path = "bilibili_splash_iphone_bg@2x.png"; sourceTree = "<group>"; };
		E1EDB7C81CACD0FF00D29111 /* bilibili_splash_iphone_bg@3x.png */ = {isa = PBXFileReference; lastKnownFileType = image.png; path = "bilibili_splash_iphone_bg@3x.png"; sourceTree = "<group>"; };
		E1F42F771CAE70F7004960AC /* CYTabBar.h */ = {isa = PBXFileReference; fileEncoding = 4; lastKnownFileType = sourcecode.c.h; path = CYTabBar.h; sourceTree = "<group>"; };
		E1F42F781CAE70F7004960AC /* CYTabBar.m */ = {isa = PBXFileReference; fileEncoding = 4; lastKnownFileType = sourcecode.c.objc; path = CYTabBar.m; sourceTree = "<group>"; };
/* End PBXFileReference section */

/* Begin PBXFrameworksBuildPhase section */
		E17AD3311C98F94F00BA773F /* Frameworks */ = {
			isa = PBXFrameworksBuildPhase;
			buildActionMask = 2147483647;
			files = (
			);
			runOnlyForDeploymentPostprocessing = 0;
		};
		E17AD34A1C98F94F00BA773F /* Frameworks */ = {
			isa = PBXFrameworksBuildPhase;
			buildActionMask = 2147483647;
			files = (
			);
			runOnlyForDeploymentPostprocessing = 0;
		};
/* End PBXFrameworksBuildPhase section */

/* Begin PBXGroup section */
		E120E5C11CB2111500DBE93B /* Focus */ = {
			isa = PBXGroup;
			children = (
				E195D9B71CC61C67001D1EBD /* Model */,
				E120E5C21CB2113300DBE93B /* Controller */,
				E120E5C31CB2113300DBE93B /* View */,
			);
			path = Focus;
			sourceTree = "<group>";
		};
		E120E5C21CB2113300DBE93B /* Controller */ = {
			isa = PBXGroup;
			children = (
				E120E5C41CB2114E00DBE93B /* FocusViewController.h */,
				E120E5C51CB2114E00DBE93B /* FocusViewController.m */,
			);
			path = Controller;
			sourceTree = "<group>";
		};
		E120E5C31CB2113300DBE93B /* View */ = {
			isa = PBXGroup;
			children = (
				E1466C8C1CB3AE970061F506 /* RoundTagButton.h */,
				E1466C8D1CB3AE970061F506 /* RoundTagButton.m */,
				E125A88A1CB4E0DD00B346D9 /* FocusTagView.h */,
				E125A88B1CB4E0DD00B346D9 /* FocusTagView.m */,
				E195D9821CC5D2C1001D1EBD /* DynamicView.h */,
				E195D9831CC5D2C1001D1EBD /* DynamicView.m */,
				E195D9881CC5DA7B001D1EBD /* DynamicCell.h */,
				E195D9891CC5DA7B001D1EBD /* DynamicCell.m */,
				E195D98A1CC5DA7B001D1EBD /* DynamicCell.xib */,
				E1333E181CC72D990075193C /* AnimeSeriesView.h */,
				E1333E191CC72D990075193C /* AnimeSeriesView.m */,
				E1333E1B1CC72F340075193C /* AnimeSeriesCell.h */,
				E1333E1C1CC72F340075193C /* AnimeSeriesCell.m */,
				E1333E1D1CC72F340075193C /* AnimeSeriesCell.xib */,
			);
			path = View;
			sourceTree = "<group>";
		};
		E172593A1C992EE9007DF789 /* Lib */ = {
			isa = PBXGroup;
			children = (
				E178DD091CABA3B300E47B6E /* Category */,
				E1B52FF91CAA7D16004DB37B /* MyLib */,
				E1B52FFA1CAA7D16004DB37B /* ThirdLib */,
			);
			path = Lib;
			sourceTree = "<group>";
		};
		E178DD061CAB76EC00E47B6E /* Macro */ = {
			isa = PBXGroup;
			children = (
				E178DD071CAB773900E47B6E /* MainMacro.h */,
			);
			path = Macro;
			sourceTree = "<group>";
		};
		E178DD091CABA3B300E47B6E /* Category */ = {
			isa = PBXGroup;
			children = (
				E178DD0A1CABA3B300E47B6E /* NSString+Category.h */,
				E178DD0B1CABA3B300E47B6E /* NSString+Category.m */,
				E178DD0C1CABA3B300E47B6E /* UIColor+Category.h */,
				E178DD0D1CABA3B300E47B6E /* UIColor+Category.m */,
				E1C96F521CC877C700F5DE81 /* UIView+MaskCorner.h */,
				E1C96F531CC877C700F5DE81 /* UIView+MaskCorner.m */,
				E1C96F551CC8BBFE00F5DE81 /* UIImage+MaskCorner.h */,
				E1C96F561CC8BBFE00F5DE81 /* UIImage+MaskCorner.m */,
				E1C96F581CC8C7B400F5DE81 /* UIImageView+MaskCorner.h */,
				E1C96F591CC8C7B400F5DE81 /* UIImageView+MaskCorner.m */,
			);
			path = Category;
			sourceTree = "<group>";
		};
		E17AD32B1C98F94F00BA773F = {
			isa = PBXGroup;
			children = (
				E17AD3361C98F94F00BA773F /* BilibiliDemo */,
				E17AD3501C98F94F00BA773F /* BilibiliDemoTests */,
				E17AD3351C98F94F00BA773F /* Products */,
			);
			sourceTree = "<group>";
		};
		E17AD3351C98F94F00BA773F /* Products */ = {
			isa = PBXGroup;
			children = (
				E17AD3341C98F94F00BA773F /* BilibiliDemo.app */,
				E17AD34D1C98F94F00BA773F /* BilibiliDemoTests.xctest */,
			);
			name = Products;
			sourceTree = "<group>";
		};
		E17AD3361C98F94F00BA773F /* BilibiliDemo */ = {
			isa = PBXGroup;
			children = (
				E1B52FE31CAA7BEB004DB37B /* Resource */,
				E1B52FE01CAA7BEB004DB37B /* Class */,
				E172593A1C992EE9007DF789 /* Lib */,
			);
			path = BilibiliDemo;
			sourceTree = "<group>";
		};
		E17AD3501C98F94F00BA773F /* BilibiliDemoTests */ = {
			isa = PBXGroup;
			children = (
				E17AD3511C98F94F00BA773F /* BilibiliDemoTests.m */,
				E17AD3531C98F94F00BA773F /* Info.plist */,
			);
			path = BilibiliDemoTests;
			sourceTree = "<group>";
		};
		E195D9B71CC61C67001D1EBD /* Model */ = {
			isa = PBXGroup;
			children = (
				E195D9B81CC61CF2001D1EBD /* VideoInfo.h */,
				E195D9B91CC61CF2001D1EBD /* VideoInfo.m */,
				E1333E201CC77DD40075193C /* AnimeInfo.h */,
				E1333E211CC77DD40075193C /* AnimeInfo.m */,
			);
			path = Model;
			sourceTree = "<group>";
		};
		E1A2E5B21CACF97800FF4695 /* Main */ = {
			isa = PBXGroup;
			children = (
				E1F42F761CAE7028004960AC /* View */,
				E1A2E5B31CACF97800FF4695 /* Controller */,
			);
			path = Main;
			sourceTree = "<group>";
		};
		E1A2E5B31CACF97800FF4695 /* Controller */ = {
			isa = PBXGroup;
			children = (
				E1A2E5B41CACF9F000FF4695 /* CYTabBarController.h */,
				E1A2E5B51CACF9F000FF4695 /* CYTabBarController.m */,
			);
			path = Controller;
			sourceTree = "<group>";
		};
		E1B52FE01CAA7BEB004DB37B /* Class */ = {
			isa = PBXGroup;
			children = (
				E120E5C11CB2111500DBE93B /* Focus */,
				E1CF2F921CB0E904002F3A9E /* Detail */,
				E1A2E5B21CACF97800FF4695 /* Main */,
			);
			path = Class;
			sourceTree = "<group>";
		};
		E1B52FE31CAA7BEB004DB37B /* Resource */ = {
			isa = PBXGroup;
			children = (
				E178DD061CAB76EC00E47B6E /* Macro */,
				E1B52FE41CAA7BEB004DB37B /* Global */,
				E1B52FEC1CAA7BEB004DB37B /* Image */,
				E1B52FEE1CAA7BEB004DB37B /* Plist */,
			);
			path = Resource;
			sourceTree = "<group>";
		};
		E1B52FE41CAA7BEB004DB37B /* Global */ = {
			isa = PBXGroup;
			children = (
				E1B52FE51CAA7BEB004DB37B /* AppDelegate.h */,
				E1B52FE61CAA7BEB004DB37B /* AppDelegate.m */,
				E1B52FE71CAA7BEB004DB37B /* LaunchScreen.storyboard */,
				E1B52FE91CAA7BEB004DB37B /* Main.storyboard */,
				E1B52FEB1CAA7BEB004DB37B /* main.m */,
				E178DD081CAB77E700E47B6E /* PrefixHeader.pch */,
			);
			path = Global;
			sourceTree = "<group>";
		};
		E1B52FEC1CAA7BEB004DB37B /* Image */ = {
			isa = PBXGroup;
			children = (
				E1EDB7C01CACD0FF00D29111 /* Launch */,
				E1B52FED1CAA7BEB004DB37B /* Assets.xcassets */,
			);
			path = Image;
			sourceTree = "<group>";
		};
		E1B52FEE1CAA7BEB004DB37B /* Plist */ = {
			isa = PBXGroup;
			children = (
				E1B52FEF1CAA7BEB004DB37B /* Info.plist */,
			);
			path = Plist;
			sourceTree = "<group>";
		};
		E1B52FF91CAA7D16004DB37B /* MyLib */ = {
			isa = PBXGroup;
			children = (
				E1CF2F961CB111CB002F3A9E /* CYSegmentBar */,
				E1B5301F1CAA7DA7004DB37B /* BaseController */,
			);
			path = MyLib;
			sourceTree = "<group>";
		};
		E1B52FFA1CAA7D16004DB37B /* ThirdLib */ = {
			isa = PBXGroup;
			children = (
				E1C121221CC6269700CBF20A /* SDWebImage */,
				E1B530231CAA7E1D004DB37B /* MBProgressHUD */,
				E1B52FFB1CAA7D16004DB37B /* Masonry */,
			);
			path = ThirdLib;
			sourceTree = "<group>";
		};
		E1B52FFB1CAA7D16004DB37B /* Masonry */ = {
			isa = PBXGroup;
			children = (
				E1B52FFC1CAA7D16004DB37B /* MASCompositeConstraint.h */,
				E1B52FFD1CAA7D16004DB37B /* MASCompositeConstraint.m */,
				E1B52FFE1CAA7D16004DB37B /* MASConstraint+Private.h */,
				E1B52FFF1CAA7D16004DB37B /* MASConstraint.h */,
				E1B530001CAA7D16004DB37B /* MASConstraint.m */,
				E1B530011CAA7D16004DB37B /* MASConstraintMaker.h */,
				E1B530021CAA7D16004DB37B /* MASConstraintMaker.m */,
				E1B530031CAA7D16004DB37B /* MASLayoutConstraint.h */,
				E1B530041CAA7D16004DB37B /* MASLayoutConstraint.m */,
				E1B530051CAA7D16004DB37B /* Masonry.h */,
				E1B530061CAA7D16004DB37B /* MASUtilities.h */,
				E1B530071CAA7D16004DB37B /* MASViewAttribute.h */,
				E1B530081CAA7D16004DB37B /* MASViewAttribute.m */,
				E1B530091CAA7D16004DB37B /* MASViewConstraint.h */,
				E1B5300A1CAA7D16004DB37B /* MASViewConstraint.m */,
				E1B5300B1CAA7D16004DB37B /* NSArray+MASAdditions.h */,
				E1B5300C1CAA7D16004DB37B /* NSArray+MASAdditions.m */,
				E1B5300D1CAA7D16004DB37B /* NSArray+MASShorthandAdditions.h */,
				E1B5300E1CAA7D16004DB37B /* NSLayoutConstraint+MASDebugAdditions.h */,
				E1B5300F1CAA7D16004DB37B /* NSLayoutConstraint+MASDebugAdditions.m */,
				E1B530101CAA7D16004DB37B /* View+MASAdditions.h */,
				E1B530111CAA7D16004DB37B /* View+MASAdditions.m */,
				E1B530121CAA7D16004DB37B /* View+MASShorthandAdditions.h */,
				E1B530131CAA7D16004DB37B /* ViewController+MASAdditions.h */,
				E1B530141CAA7D16004DB37B /* ViewController+MASAdditions.m */,
			);
			path = Masonry;
			sourceTree = "<group>";
		};
		E1B5301F1CAA7DA7004DB37B /* BaseController */ = {
			isa = PBXGroup;
			children = (
				E1B530201CAA7DA7004DB37B /* BaseViewController.h */,
				E1B530211CAA7DA7004DB37B /* BaseViewController.m */,
			);
			path = BaseController;
			sourceTree = "<group>";
		};
		E1B530231CAA7E1D004DB37B /* MBProgressHUD */ = {
			isa = PBXGroup;
			children = (
				E1B5302B1CAA837A004DB37B /* MBProgressHUD.h */,
				E1B5302C1CAA837A004DB37B /* MBProgressHUD.m */,
			);
			path = MBProgressHUD;
			sourceTree = "<group>";
		};
		E1C121221CC6269700CBF20A /* SDWebImage */ = {
			isa = PBXGroup;
			children = (
				E1C121231CC6269700CBF20A /* LICENSE */,
				E1C121241CC6269700CBF20A /* README.md */,
				E1C121251CC6269700CBF20A /* SDWebImage */,
			);
			path = SDWebImage;
			sourceTree = "<group>";
		};
		E1C121251CC6269700CBF20A /* SDWebImage */ = {
			isa = PBXGroup;
			children = (
				E1C121261CC6269700CBF20A /* NSData+ImageContentType.h */,
				E1C121271CC6269700CBF20A /* NSData+ImageContentType.m */,
				E1C121281CC6269700CBF20A /* SDImageCache.h */,
				E1C121291CC6269700CBF20A /* SDImageCache.m */,
				E1C1212A1CC6269700CBF20A /* SDWebImageCompat.h */,
				E1C1212B1CC6269700CBF20A /* SDWebImageCompat.m */,
				E1C1212C1CC6269700CBF20A /* SDWebImageDecoder.h */,
				E1C1212D1CC6269700CBF20A /* SDWebImageDecoder.m */,
				E1C1212E1CC6269700CBF20A /* SDWebImageDownloader.h */,
				E1C1212F1CC6269700CBF20A /* SDWebImageDownloader.m */,
				E1C121301CC6269700CBF20A /* SDWebImageDownloaderOperation.h */,
				E1C121311CC6269700CBF20A /* SDWebImageDownloaderOperation.m */,
				E1C121321CC6269700CBF20A /* SDWebImageManager.h */,
				E1C121331CC6269700CBF20A /* SDWebImageManager.m */,
				E1C121341CC6269700CBF20A /* SDWebImageOperation.h */,
				E1C121351CC6269700CBF20A /* SDWebImagePrefetcher.h */,
				E1C121361CC6269700CBF20A /* SDWebImagePrefetcher.m */,
				E1C121371CC6269700CBF20A /* UIButton+WebCache.h */,
				E1C121381CC6269700CBF20A /* UIButton+WebCache.m */,
				E1C121391CC6269700CBF20A /* UIImage+GIF.h */,
				E1C1213A1CC6269700CBF20A /* UIImage+GIF.m */,
				E1C1213B1CC6269700CBF20A /* UIImage+MultiFormat.h */,
				E1C1213C1CC6269700CBF20A /* UIImage+MultiFormat.m */,
				E1C1213D1CC6269700CBF20A /* UIImageView+HighlightedWebCache.h */,
				E1C1213E1CC6269700CBF20A /* UIImageView+HighlightedWebCache.m */,
				E1C1213F1CC6269700CBF20A /* UIImageView+WebCache.h */,
				E1C121401CC6269700CBF20A /* UIImageView+WebCache.m */,
				E1C121411CC6269700CBF20A /* UIView+WebCacheOperation.h */,
				E1C121421CC6269700CBF20A /* UIView+WebCacheOperation.m */,
			);
			path = SDWebImage;
			sourceTree = "<group>";
		};
		E1CF2F921CB0E904002F3A9E /* Detail */ = {
			isa = PBXGroup;
			children = (
				E1CF2F931CB0E904002F3A9E /* DetailViewController.h */,
				E1CF2F941CB0E904002F3A9E /* DetailViewController.m */,
			);
			path = Detail;
			sourceTree = "<group>";
		};
		E1CF2F961CB111CB002F3A9E /* CYSegmentBar */ = {
			isa = PBXGroup;
			children = (
				E1CF2F971CB111E8002F3A9E /* CYSegmentBar.h */,
				E1CF2F981CB111E8002F3A9E /* CYSegmentBar.m */,
			);
			path = CYSegmentBar;
			sourceTree = "<group>";
		};
		E1EDB7C01CACD0FF00D29111 /* Launch */ = {
			isa = PBXGroup;
			children = (
				E1EDB7C11CACD0FF00D29111 /* bilibili_splash_default@2x.png */,
				E1EDB7C21CACD0FF00D29111 /* bilibili_splash_default@3x.png */,
				E1EDB7C31CACD0FF00D29111 /* bilibili_splash_ipad_bg.png */,
				E1EDB7C41CACD0FF00D29111 /* bilibili_splash_ipad_bg@2x.png */,
				E1EDB7C51CACD0FF00D29111 /* bilibili_splash_ipad_bg@3x.png */,
				E1EDB7C61CACD0FF00D29111 /* bilibili_splash_iphone_bg.png */,
				E1EDB7C71CACD0FF00D29111 /* bilibili_splash_iphone_bg@2x.png */,
				E1EDB7C81CACD0FF00D29111 /* bilibili_splash_iphone_bg@3x.png */,
			);
			path = Launch;
			sourceTree = "<group>";
		};
		E1F42F761CAE7028004960AC /* View */ = {
			isa = PBXGroup;
			children = (
				E1F42F771CAE70F7004960AC /* CYTabBar.h */,
				E1F42F781CAE70F7004960AC /* CYTabBar.m */,
			);
			path = View;
			sourceTree = "<group>";
		};
/* End PBXGroup section */

/* Begin PBXNativeTarget section */
		E17AD3331C98F94F00BA773F /* BilibiliDemo */ = {
			isa = PBXNativeTarget;
			buildConfigurationList = E17AD3561C98F94F00BA773F /* Build configuration list for PBXNativeTarget "BilibiliDemo" */;
			buildPhases = (
				E17AD3301C98F94F00BA773F /* Sources */,
				E17AD3311C98F94F00BA773F /* Frameworks */,
				E17AD3321C98F94F00BA773F /* Resources */,
			);
			buildRules = (
			);
			dependencies = (
			);
			name = BilibiliDemo;
			productName = BilibiliDemo;
			productReference = E17AD3341C98F94F00BA773F /* BilibiliDemo.app */;
			productType = "com.apple.product-type.application";
		};
		E17AD34C1C98F94F00BA773F /* BilibiliDemoTests */ = {
			isa = PBXNativeTarget;
			buildConfigurationList = E17AD3591C98F94F00BA773F /* Build configuration list for PBXNativeTarget "BilibiliDemoTests" */;
			buildPhases = (
				E17AD3491C98F94F00BA773F /* Sources */,
				E17AD34A1C98F94F00BA773F /* Frameworks */,
				E17AD34B1C98F94F00BA773F /* Resources */,
			);
			buildRules = (
			);
			dependencies = (
				E17AD34F1C98F94F00BA773F /* PBXTargetDependency */,
			);
			name = BilibiliDemoTests;
			productName = BilibiliDemoTests;
			productReference = E17AD34D1C98F94F00BA773F /* BilibiliDemoTests.xctest */;
			productType = "com.apple.product-type.bundle.unit-test";
		};
/* End PBXNativeTarget section */

/* Begin PBXProject section */
		E17AD32C1C98F94F00BA773F /* Project object */ = {
			isa = PBXProject;
			attributes = {
				LastUpgradeCheck = 0720;
				ORGANIZATIONNAME = "Peter Lee";
				TargetAttributes = {
					E17AD3331C98F94F00BA773F = {
						CreatedOnToolsVersion = 7.2.1;
					};
					E17AD34C1C98F94F00BA773F = {
						CreatedOnToolsVersion = 7.2.1;
						TestTargetID = E17AD3331C98F94F00BA773F;
					};
				};
			};
			buildConfigurationList = E17AD32F1C98F94F00BA773F /* Build configuration list for PBXProject "BilibiliDemo" */;
			compatibilityVersion = "Xcode 3.2";
			developmentRegion = English;
			hasScannedForEncodings = 0;
			knownRegions = (
				en,
				Base,
			);
			mainGroup = E17AD32B1C98F94F00BA773F;
			productRefGroup = E17AD3351C98F94F00BA773F /* Products */;
			projectDirPath = "";
			projectRoot = "";
			targets = (
				E17AD3331C98F94F00BA773F /* BilibiliDemo */,
				E17AD34C1C98F94F00BA773F /* BilibiliDemoTests */,
			);
		};
/* End PBXProject section */

/* Begin PBXResourcesBuildPhase section */
		E17AD3321C98F94F00BA773F /* Resources */ = {
			isa = PBXResourcesBuildPhase;
			buildActionMask = 2147483647;
			files = (
				E1EDB7CA1CACD0FF00D29111 /* bilibili_splash_default@3x.png in Resources */,
				E1EDB7C91CACD0FF00D29111 /* bilibili_splash_default@2x.png in Resources */,
				E1EDB7CC1CACD0FF00D29111 /* bilibili_splash_ipad_bg@2x.png in Resources */,
				E1EDB7CF1CACD0FF00D29111 /* bilibili_splash_iphone_bg@2x.png in Resources */,
				E1EDB7D01CACD0FF00D29111 /* bilibili_splash_iphone_bg@3x.png in Resources */,
				E1B52FF61CAA7BEB004DB37B /* Info.plist in Resources */,
				E1EDB7CE1CACD0FF00D29111 /* bilibili_splash_iphone_bg.png in Resources */,
				E195D98C1CC5DA7B001D1EBD /* DynamicCell.xib in Resources */,
				E1333E1F1CC72F340075193C /* AnimeSeriesCell.xib in Resources */,
				E1B52FF21CAA7BEB004DB37B /* LaunchScreen.storyboard in Resources */,
				E1EDB7CB1CACD0FF00D29111 /* bilibili_splash_ipad_bg.png in Resources */,
				E1C121431CC6269700CBF20A /* LICENSE in Resources */,
				E1B52FF51CAA7BEB004DB37B /* Assets.xcassets in Resources */,
				E1EDB7CD1CACD0FF00D29111 /* bilibili_splash_ipad_bg@3x.png in Resources */,
				E1B52FF31CAA7BEB004DB37B /* Main.storyboard in Resources */,
			);
			runOnlyForDeploymentPostprocessing = 0;
		};
		E17AD34B1C98F94F00BA773F /* Resources */ = {
			isa = PBXResourcesBuildPhase;
			buildActionMask = 2147483647;
			files = (
			);
			runOnlyForDeploymentPostprocessing = 0;
		};
/* End PBXResourcesBuildPhase section */

/* Begin PBXSourcesBuildPhase section */
		E17AD3301C98F94F00BA773F /* Sources */ = {
			isa = PBXSourcesBuildPhase;
			buildActionMask = 2147483647;
			files = (
				E1C1214A1CC6269700CBF20A /* SDWebImageDownloaderOperation.m in Sources */,
				E1C121521CC6269700CBF20A /* UIView+WebCacheOperation.m in Sources */,
				E1333E1A1CC72D990075193C /* AnimeSeriesView.m in Sources */,
				E1C1214C1CC6269700CBF20A /* SDWebImagePrefetcher.m in Sources */,
				E1C121511CC6269700CBF20A /* UIImageView+WebCache.m in Sources */,
				E195D9841CC5D2C1001D1EBD /* DynamicView.m in Sources */,
				E1C121461CC6269700CBF20A /* SDImageCache.m in Sources */,
				E1C1214B1CC6269700CBF20A /* SDWebImageManager.m in Sources */,
				E1B5301C1CAA7D16004DB37B /* NSLayoutConstraint+MASDebugAdditions.m in Sources */,
				E1B5301A1CAA7D16004DB37B /* MASViewConstraint.m in Sources */,
				E1B530151CAA7D16004DB37B /* MASCompositeConstraint.m in Sources */,
				E1B5301B1CAA7D16004DB37B /* NSArray+MASAdditions.m in Sources */,
				E1B52FF41CAA7BEB004DB37B /* main.m in Sources */,
				E1C121471CC6269700CBF20A /* SDWebImageCompat.m in Sources */,
				E1B530221CAA7DA7004DB37B /* BaseViewController.m in Sources */,
				E1C121501CC6269700CBF20A /* UIImageView+HighlightedWebCache.m in Sources */,
				E120E5C61CB2114E00DBE93B /* FocusViewController.m in Sources */,
				E1C121481CC6269700CBF20A /* SDWebImageDecoder.m in Sources */,
				E1B5302D1CAA837A004DB37B /* MBProgressHUD.m in Sources */,
				E195D9BA1CC61CF2001D1EBD /* VideoInfo.m in Sources */,
				E1C96F571CC8BBFE00F5DE81 /* UIImage+MaskCorner.m in Sources */,
				E1B530181CAA7D16004DB37B /* MASLayoutConstraint.m in Sources */,
				E1B52FF11CAA7BEB004DB37B /* AppDelegate.m in Sources */,
				E1C96F5A1CC8C7B400F5DE81 /* UIImageView+MaskCorner.m in Sources */,
				E1C96F541CC877C700F5DE81 /* UIView+MaskCorner.m in Sources */,
				E125A88C1CB4E0DD00B346D9 /* FocusTagView.m in Sources */,
				E1CF2F991CB111E8002F3A9E /* CYSegmentBar.m in Sources */,
				E1CF2F951CB0E904002F3A9E /* DetailViewController.m in Sources */,
				E1333E1E1CC72F340075193C /* AnimeSeriesCell.m in Sources */,
				E1C121441CC6269700CBF20A /* README.md in Sources */,
				E1C1214F1CC6269700CBF20A /* UIImage+MultiFormat.m in Sources */,
				E195D98B1CC5DA7B001D1EBD /* DynamicCell.m in Sources */,
				E1B5301E1CAA7D16004DB37B /* ViewController+MASAdditions.m in Sources */,
				E1C121451CC6269700CBF20A /* NSData+ImageContentType.m in Sources */,
				E1C1214D1CC6269700CBF20A /* UIButton+WebCache.m in Sources */,
				E1A2E5B61CACF9F000FF4695 /* CYTabBarController.m in Sources */,
				E1B5301D1CAA7D16004DB37B /* View+MASAdditions.m in Sources */,
				E1C1214E1CC6269700CBF20A /* UIImage+GIF.m in Sources */,
				E1C121491CC6269700CBF20A /* SDWebImageDownloader.m in Sources */,
				E1B530191CAA7D16004DB37B /* MASViewAttribute.m in Sources */,
				E1F42F791CAE70F7004960AC /* CYTabBar.m in Sources */,
				E1B530161CAA7D16004DB37B /* MASConstraint.m in Sources */,
				E1B530171CAA7D16004DB37B /* MASConstraintMaker.m in Sources */,
				E1333E221CC77DD40075193C /* AnimeInfo.m in Sources */,
				E1466C8E1CB3AE970061F506 /* RoundTagButton.m in Sources */,
				E178DD0E1CABA3B300E47B6E /* NSString+Category.m in Sources */,
				E178DD0F1CABA3B300E47B6E /* UIColor+Category.m in Sources */,
			);
			runOnlyForDeploymentPostprocessing = 0;
		};
		E17AD3491C98F94F00BA773F /* Sources */ = {
			isa = PBXSourcesBuildPhase;
			buildActionMask = 2147483647;
			files = (
				E17AD3521C98F94F00BA773F /* BilibiliDemoTests.m in Sources */,
			);
			runOnlyForDeploymentPostprocessing = 0;
		};
/* End PBXSourcesBuildPhase section */

/* Begin PBXTargetDependency section */
		E17AD34F1C98F94F00BA773F /* PBXTargetDependency */ = {
			isa = PBXTargetDependency;
			target = E17AD3331C98F94F00BA773F /* BilibiliDemo */;
			targetProxy = E17AD34E1C98F94F00BA773F /* PBXContainerItemProxy */;
		};
/* End PBXTargetDependency section */

/* Begin PBXVariantGroup section */
		E1B52FE71CAA7BEB004DB37B /* LaunchScreen.storyboard */ = {
			isa = PBXVariantGroup;
			children = (
				E1B52FE81CAA7BEB004DB37B /* Base */,
			);
			name = LaunchScreen.storyboard;
			sourceTree = "<group>";
		};
		E1B52FE91CAA7BEB004DB37B /* Main.storyboard */ = {
			isa = PBXVariantGroup;
			children = (
				E1B52FEA1CAA7BEB004DB37B /* Base */,
			);
			name = Main.storyboard;
			sourceTree = "<group>";
		};
/* End PBXVariantGroup section */

/* Begin XCBuildConfiguration section */
		E17AD3541C98F94F00BA773F /* Debug */ = {
			isa = XCBuildConfiguration;
			buildSettings = {
				ALWAYS_SEARCH_USER_PATHS = NO;
				CLANG_CXX_LANGUAGE_STANDARD = "gnu++0x";
				CLANG_CXX_LIBRARY = "libc++";
				CLANG_ENABLE_MODULES = YES;
				CLANG_ENABLE_OBJC_ARC = YES;
				CLANG_WARN_BOOL_CONVERSION = YES;
				CLANG_WARN_CONSTANT_CONVERSION = YES;
				CLANG_WARN_DIRECT_OBJC_ISA_USAGE = YES_ERROR;
				CLANG_WARN_EMPTY_BODY = YES;
				CLANG_WARN_ENUM_CONVERSION = YES;
				CLANG_WARN_INT_CONVERSION = YES;
				CLANG_WARN_OBJC_ROOT_CLASS = YES_ERROR;
				CLANG_WARN_UNREACHABLE_CODE = YES;
				CLANG_WARN__DUPLICATE_METHOD_MATCH = YES;
				"CODE_SIGN_IDENTITY[sdk=iphoneos*]" = "iPhone Developer";
				COPY_PHASE_STRIP = NO;
				DEBUG_INFORMATION_FORMAT = dwarf;
				ENABLE_STRICT_OBJC_MSGSEND = YES;
				ENABLE_TESTABILITY = YES;
				GCC_C_LANGUAGE_STANDARD = gnu99;
				GCC_DYNAMIC_NO_PIC = NO;
				GCC_NO_COMMON_BLOCKS = YES;
				GCC_OPTIMIZATION_LEVEL = 0;
				GCC_PREPROCESSOR_DEFINITIONS = (
					"DEBUG=1",
					"$(inherited)",
				);
				GCC_WARN_64_TO_32_BIT_CONVERSION = YES;
				GCC_WARN_ABOUT_RETURN_TYPE = YES_ERROR;
				GCC_WARN_UNDECLARED_SELECTOR = YES;
				GCC_WARN_UNINITIALIZED_AUTOS = YES_AGGRESSIVE;
				GCC_WARN_UNUSED_FUNCTION = YES;
				GCC_WARN_UNUSED_VARIABLE = YES;
				IPHONEOS_DEPLOYMENT_TARGET = 9.2;
				MTL_ENABLE_DEBUG_INFO = YES;
				ONLY_ACTIVE_ARCH = YES;
				SDKROOT = iphoneos;
			};
			name = Debug;
		};
		E17AD3551C98F94F00BA773F /* Release */ = {
			isa = XCBuildConfiguration;
			buildSettings = {
				ALWAYS_SEARCH_USER_PATHS = NO;
				CLANG_CXX_LANGUAGE_STANDARD = "gnu++0x";
				CLANG_CXX_LIBRARY = "libc++";
				CLANG_ENABLE_MODULES = YES;
				CLANG_ENABLE_OBJC_ARC = YES;
				CLANG_WARN_BOOL_CONVERSION = YES;
				CLANG_WARN_CONSTANT_CONVERSION = YES;
				CLANG_WARN_DIRECT_OBJC_ISA_USAGE = YES_ERROR;
				CLANG_WARN_EMPTY_BODY = YES;
				CLANG_WARN_ENUM_CONVERSION = YES;
				CLANG_WARN_INT_CONVERSION = YES;
				CLANG_WARN_OBJC_ROOT_CLASS = YES_ERROR;
				CLANG_WARN_UNREACHABLE_CODE = YES;
				CLANG_WARN__DUPLICATE_METHOD_MATCH = YES;
				"CODE_SIGN_IDENTITY[sdk=iphoneos*]" = "iPhone Developer";
				COPY_PHASE_STRIP = NO;
				DEBUG_INFORMATION_FORMAT = "dwarf-with-dsym";
				ENABLE_NS_ASSERTIONS = NO;
				ENABLE_STRICT_OBJC_MSGSEND = YES;
				GCC_C_LANGUAGE_STANDARD = gnu99;
				GCC_NO_COMMON_BLOCKS = YES;
				GCC_WARN_64_TO_32_BIT_CONVERSION = YES;
				GCC_WARN_ABOUT_RETURN_TYPE = YES_ERROR;
				GCC_WARN_UNDECLARED_SELECTOR = YES;
				GCC_WARN_UNINITIALIZED_AUTOS = YES_AGGRESSIVE;
				GCC_WARN_UNUSED_FUNCTION = YES;
				GCC_WARN_UNUSED_VARIABLE = YES;
				IPHONEOS_DEPLOYMENT_TARGET = 9.2;
				MTL_ENABLE_DEBUG_INFO = NO;
				SDKROOT = iphoneos;
				VALIDATE_PRODUCT = YES;
			};
			name = Release;
		};
		E17AD3571C98F94F00BA773F /* Debug */ = {
			isa = XCBuildConfiguration;
			buildSettings = {
				ASSETCATALOG_COMPILER_APPICON_NAME = AppIcon;
				GCC_PRECOMPILE_PREFIX_HEADER = YES;
				GCC_PREFIX_HEADER = "$(SRCROOT)/BilibiliDemo/Resource/Global/PrefixHeader.pch";
				INFOPLIST_FILE = "$(SRCROOT)/BilibiliDemo/Resource/Plist/Info.plist";
				LD_RUNPATH_SEARCH_PATHS = "$(inherited) @executable_path/Frameworks";
				PRODUCT_BUNDLE_IDENTIFIER = com.lxypeter.BilibiliDemo;
				PRODUCT_NAME = "$(TARGET_NAME)";
			};
			name = Debug;
		};
		E17AD3581C98F94F00BA773F /* Release */ = {
			isa = XCBuildConfiguration;
			buildSettings = {
				ASSETCATALOG_COMPILER_APPICON_NAME = AppIcon;
				GCC_PRECOMPILE_PREFIX_HEADER = YES;
				GCC_PREFIX_HEADER = "$(SRCROOT)/BilibiliDemo/Resource/Global/PrefixHeader.pch";
				INFOPLIST_FILE = "$(SRCROOT)/BilibiliDemo/Resource/Plist/Info.plist";
				LD_RUNPATH_SEARCH_PATHS = "$(inherited) @executable_path/Frameworks";
				PRODUCT_BUNDLE_IDENTIFIER = com.lxypeter.BilibiliDemo;
				PRODUCT_NAME = "$(TARGET_NAME)";
			};
			name = Release;
		};
		E17AD35A1C98F94F00BA773F /* Debug */ = {
			isa = XCBuildConfiguration;
			buildSettings = {
				BUNDLE_LOADER = "$(TEST_HOST)";
				INFOPLIST_FILE = BilibiliDemoTests/Info.plist;
				LD_RUNPATH_SEARCH_PATHS = "$(inherited) @executable_path/Frameworks @loader_path/Frameworks";
				PRODUCT_BUNDLE_IDENTIFIER = com.lxypeter.BilibiliDemoTests;
				PRODUCT_NAME = "$(TARGET_NAME)";
				TEST_HOST = "$(BUILT_PRODUCTS_DIR)/BilibiliDemo.app/BilibiliDemo";
			};
			name = Debug;
		};
		E17AD35B1C98F94F00BA773F /* Release */ = {
			isa = XCBuildConfiguration;
			buildSettings = {
				BUNDLE_LOADER = "$(TEST_HOST)";
				INFOPLIST_FILE = BilibiliDemoTests/Info.plist;
				LD_RUNPATH_SEARCH_PATHS = "$(inherited) @executable_path/Frameworks @loader_path/Frameworks";
				PRODUCT_BUNDLE_IDENTIFIER = com.lxypeter.BilibiliDemoTests;
				PRODUCT_NAME = "$(TARGET_NAME)";
				TEST_HOST = "$(BUILT_PRODUCTS_DIR)/BilibiliDemo.app/BilibiliDemo";
			};
			name = Release;
		};
/* End XCBuildConfiguration section */

/* Begin XCConfigurationList section */
		E17AD32F1C98F94F00BA773F /* Build configuration list for PBXProject "BilibiliDemo" */ = {
			isa = XCConfigurationList;
			buildConfigurations = (
				E17AD3541C98F94F00BA773F /* Debug */,
				E17AD3551C98F94F00BA773F /* Release */,
			);
			defaultConfigurationIsVisible = 0;
			defaultConfigurationName = Release;
		};
		E17AD3561C98F94F00BA773F /* Build configuration list for PBXNativeTarget "BilibiliDemo" */ = {
			isa = XCConfigurationList;
			buildConfigurations = (
				E17AD3571C98F94F00BA773F /* Debug */,
				E17AD3581C98F94F00BA773F /* Release */,
			);
			defaultConfigurationIsVisible = 0;
			defaultConfigurationName = Release;
		};
		E17AD3591C98F94F00BA773F /* Build configuration list for PBXNativeTarget "BilibiliDemoTests" */ = {
			isa = XCConfigurationList;
			buildConfigurations = (
				E17AD35A1C98F94F00BA773F /* Debug */,
				E17AD35B1C98F94F00BA773F /* Release */,
			);
			defaultConfigurationIsVisible = 0;
			defaultConfigurationName = Release;
		};
/* End XCConfigurationList section */
	};
	rootObject = E17AD32C1C98F94F00BA773F /* Project object */;
}
